# This file is autogenerated, do not edit; changes may be undone by the next 'dep ensure'.


[[projects]]
  name = "github.com/gorilla/context"
  packages = ["."]
  revision = "1ea25387ff6f684839d82767c1733ff4d4d15d0a"
  version = "v1.1"

[[projects]]
  name = "github.com/gorilla/mux"
  packages = ["."]
  revision = "53c1911da2b537f792e7cafcb446b05ffe33b996"
  version = "v1.6.1"

[[projects]]
  branch = "master"
  name = "golang.org/x/net"
  packages = [
    "html",
    "html/atom"
  ]
  revision = "e0c57d8f86c17f0724497efcb3bc617e82834821"

[solve-meta]
  analyzer-name = "dep"
  analyzer-version = 1
  inputs-digest = "c6d1c56fee14030a005c26495666c9d61e7ada12ab402ebb272e20a7554d561d"
  solver-name = "gps-cdcl"
  solver-version = 1
